
Microsoft Visual Studio Solution File, Format Version 12.00
# Visual Studio Version 17
VisualStudioVersion = 17.8.34525.116
MinimumVisualStudioVersion = 10.0.40219.1
Project("{FAE04EC0-301F-11D3-BF4B-00C04F79EFBC}") = "TesteQualidadeSoft", "TesteQualidadeSoft.csproj", "{390BBE6B-FAEC-4FBE-8BFD-4C87C3975BB1}"
EndProject
Global
	GlobalSection(SolutionConfigurationPlatforms) = preSolution
		Debug|Any CPU = Debug|Any CPU
		Release|Any CPU = Release|Any CPU
	EndGlobalSection
	GlobalSection(ProjectConfigurationPlatforms) = postSolution
		{390BBE6B-FAEC-4FBE-8BFD-4C87C3975BB1}.Debug|Any CPU.ActiveCfg = Debug|Any CPU
		{390BBE6B-FAEC-4FBE-8BFD-4C87C3975BB1}.Debug|Any CPU.Build.0 = Debug|Any CPU
		{390BBE6B-FAEC-4FBE-8BFD-4C87C3975BB1}.Release|Any CPU.ActiveCfg = Release|Any CPU
		{390BBE6B-FAEC-4FBE-8BFD-4C87C3975BB1}.Release|Any CPU.Build.0 = Release|Any CPU
	EndGlobalSection
	GlobalSection(SolutionProperties) = preSolution
		HideSolutionNode = FALSE
	EndGlobalSection
	GlobalSection(ExtensibilityGlobals) = postSolution
		SolutionGuid = {D900D943-23D0-435B-B48E-10F63F2B64C2}
	EndGlobalSection
EndGlobal
