
Microsoft Visual Studio Solution File, Format Version 12.00
# Visual Studio Version 17
VisualStudioVersion = 17.8.34525.116
MinimumVisualStudioVersion = 10.0.40219.1
Project("{FAE04EC0-301F-11D3-BF4B-00C04F79EFBC}") = "TesteQualidSoma", "TesteQualidSoma.csproj", "{C1A37EA5-ECC5-419E-93F5-24A34751D12D}"
EndProject
Global
	GlobalSection(SolutionConfigurationPlatforms) = preSolution
		Debug|Any CPU = Debug|Any CPU
		Release|Any CPU = Release|Any CPU
	EndGlobalSection
	GlobalSection(ProjectConfigurationPlatforms) = postSolution
		{C1A37EA5-ECC5-419E-93F5-24A34751D12D}.Debug|Any CPU.ActiveCfg = Debug|Any CPU
		{C1A37EA5-ECC5-419E-93F5-24A34751D12D}.Debug|Any CPU.Build.0 = Debug|Any CPU
		{C1A37EA5-ECC5-419E-93F5-24A34751D12D}.Release|Any CPU.ActiveCfg = Release|Any CPU
		{C1A37EA5-ECC5-419E-93F5-24A34751D12D}.Release|Any CPU.Build.0 = Release|Any CPU
	EndGlobalSection
	GlobalSection(SolutionProperties) = preSolution
		HideSolutionNode = FALSE
	EndGlobalSection
	GlobalSection(ExtensibilityGlobals) = postSolution
		SolutionGuid = {7FF75929-5782-4CDE-8FE4-01F5134F8134}
	EndGlobalSection
EndGlobal
